
Microsoft Visual Studio Solution File, Format Version 12.00
# Visual Studio 2013
VisualStudioVersion = 12.0.30723.0
MinimumVisualStudioVersion = 10.0.40219.1
Project("{2150E333-8FDC-42A3-9474-1A3956D46DE8}") = "tests", "tests", "{D864C79D-4933-407C-90D6-D6A9BB50603B}"
EndProject
Project("{FAE04EC0-301F-11D3-BF4B-00C04F79EFBC}") = "Microsoft.AspNet.SignalR.DCrank.TestController", "src\Microsoft.AspNet.SignalR.DCrank.TestController\Microsoft.AspNet.SignalR.DCrank.TestController.csproj", "{FA9DC384-071C-45F5-8F12-50CFD1130EC0}"
EndProject
Project("{FAE04EC0-301F-11D3-BF4B-00C04F79EFBC}") = "Microsoft.AspNet.SignalR.DCrank.Crank", "src\Microsoft.AspNet.SignalR.DCrank.Crank\Microsoft.AspNet.SignalR.DCrank.Crank.csproj", "{C85BF784-D977-45B0-8A08-D49245035F89}"
EndProject
Project("{FAE04EC0-301F-11D3-BF4B-00C04F79EFBC}") = "Microsoft.AspNet.SignalR.DCrank.Crank.Tests", "tests\Microsoft.AspNet.SignalR.DCrank.Crank.Tests\Microsoft.AspNet.SignalR.DCrank.Crank.Tests.csproj", "{85DD9145-AE67-4870-A9ED-DE0FDB694479}"
EndProject
Project("{FAE04EC0-301F-11D3-BF4B-00C04F79EFBC}") = "Microsoft.AspNet.SignalR.DCrank.PerfCounterHarness", "src\Microsoft.AspNet.SignalR.DCrank.PerfCounterHarness\Microsoft.AspNet.SignalR.DCrank.PerfCounterHarness.csproj", "{A4C6EFF4-43E9-4CC1-93EB-A40692AF48FA}"
EndProject
Project("{FAE04EC0-301F-11D3-BF4B-00C04F79EFBC}") = "Microsoft.AspNet.SignalR.LoadTestHarness", "src\Microsoft.AspNet.SignalR.LoadTestHarness\Microsoft.AspNet.SignalR.LoadTestHarness.csproj", "{DF780A12-6729-4D5A-8E3C-67A0E348628D}"
EndProject
Project("{2150E333-8FDC-42A3-9474-1A3956D46DE8}") = ".nuget", ".nuget", "{7F5B0F77-A9F5-45D7-8464-83951D6EDA76}"
	ProjectSection(SolutionItems) = preProject
		.nuget\NuGet.Config = .nuget\NuGet.Config
		.nuget\NuGet.exe = .nuget\NuGet.exe
		.nuget\NuGet.targets = .nuget\NuGet.targets
		.nuget\packages.config = .nuget\packages.config
	EndProjectSection
EndProject
Project("{2150E333-8FDC-42A3-9474-1A3956D46DE8}") = "Solution Items", "Solution Items", "{A5F60FBD-34C2-45E0-A0AA-E17F0D09D4D3}"
	ProjectSection(SolutionItems) = preProject
		build.proj = build.proj
	EndProjectSection
EndProject
Global
	GlobalSection(SolutionConfigurationPlatforms) = preSolution
		Debug|Any CPU = Debug|Any CPU
		Release|Any CPU = Release|Any CPU
	EndGlobalSection
	GlobalSection(ProjectConfigurationPlatforms) = postSolution
		{FA9DC384-071C-45F5-8F12-50CFD1130EC0}.Debug|Any CPU.ActiveCfg = Debug|Any CPU
		{FA9DC384-071C-45F5-8F12-50CFD1130EC0}.Debug|Any CPU.Build.0 = Debug|Any CPU
		{FA9DC384-071C-45F5-8F12-50CFD1130EC0}.Release|Any CPU.ActiveCfg = Release|Any CPU
		{FA9DC384-071C-45F5-8F12-50CFD1130EC0}.Release|Any CPU.Build.0 = Release|Any CPU
		{C85BF784-D977-45B0-8A08-D49245035F89}.Debug|Any CPU.ActiveCfg = Debug|Any CPU
		{C85BF784-D977-45B0-8A08-D49245035F89}.Debug|Any CPU.Build.0 = Debug|Any CPU
		{C85BF784-D977-45B0-8A08-D49245035F89}.Release|Any CPU.ActiveCfg = Release|Any CPU
		{C85BF784-D977-45B0-8A08-D49245035F89}.Release|Any CPU.Build.0 = Release|Any CPU
		{85DD9145-AE67-4870-A9ED-DE0FDB694479}.Debug|Any CPU.ActiveCfg = Debug|Any CPU
		{85DD9145-AE67-4870-A9ED-DE0FDB694479}.Debug|Any CPU.Build.0 = Debug|Any CPU
		{85DD9145-AE67-4870-A9ED-DE0FDB694479}.Release|Any CPU.ActiveCfg = Release|Any CPU
		{85DD9145-AE67-4870-A9ED-DE0FDB694479}.Release|Any CPU.Build.0 = Release|Any CPU
		{A4C6EFF4-43E9-4CC1-93EB-A40692AF48FA}.Debug|Any CPU.ActiveCfg = Debug|Any CPU
		{A4C6EFF4-43E9-4CC1-93EB-A40692AF48FA}.Debug|Any CPU.Build.0 = Debug|Any CPU
		{A4C6EFF4-43E9-4CC1-93EB-A40692AF48FA}.Release|Any CPU.ActiveCfg = Release|Any CPU
		{A4C6EFF4-43E9-4CC1-93EB-A40692AF48FA}.Release|Any CPU.Build.0 = Release|Any CPU
		{DF780A12-6729-4D5A-8E3C-67A0E348628D}.Debug|Any CPU.ActiveCfg = Debug|Any CPU
		{DF780A12-6729-4D5A-8E3C-67A0E348628D}.Debug|Any CPU.Build.0 = Debug|Any CPU
		{DF780A12-6729-4D5A-8E3C-67A0E348628D}.Release|Any CPU.ActiveCfg = Release|Any CPU
		{DF780A12-6729-4D5A-8E3C-67A0E348628D}.Release|Any CPU.Build.0 = Release|Any CPU
	EndGlobalSection
	GlobalSection(SolutionProperties) = preSolution
		HideSolutionNode = FALSE
	EndGlobalSection
	GlobalSection(NestedProjects) = preSolution
		{85DD9145-AE67-4870-A9ED-DE0FDB694479} = {D864C79D-4933-407C-90D6-D6A9BB50603B}
	EndGlobalSection
EndGlobal
